
Microsoft Visual Studio Solution File, Format Version 12.00
# Visual Studio Version 17
VisualStudioVersion = 17.0.32112.339
MinimumVisualStudioVersion = 10.0.40219.1
Project("{FAE04EC0-301F-11D3-BF4B-00C04F79EFBC}") = "vsCommandEvent", "vsCommandEvent\vsCommandEvent.csproj", "{32E44995-F621-4E77-B46A-8F65D64E7FEA}"
EndProject
Project("{2150E333-8FDC-42A3-9474-1A3956D46DE8}") = "root", "root", "{7ADBBB81-2FA7-45CA-B97D-486C3A6624D3}"
	ProjectSection(SolutionItems) = preProject
		.gitignore = .gitignore
		.vssbe = .vssbe
		3rd-party = 3rd-party
		build.bat = build.bat
		changelog.txt = changelog.txt
		LICENSE = LICENSE
		README.md = README.md
		Version.tpl = Version.tpl
	EndProjectSection
EndProject
Project("{2150E333-8FDC-42A3-9474-1A3956D46DE8}") = "VsixLib", "VsixLib", "{A6FD95A3-7093-47C2-9183-5629ABC4A955}"
	ProjectSection(SolutionItems) = preProject
		VsixLib.targets = VsixLib.targets
	EndProjectSection
EndProject
Project("{FAE04EC0-301F-11D3-BF4B-00C04F79EFBC}") = "Bridge", "Bridge\Bridge.csproj", "{73919171-44B6-4536-B892-F1FCA653887C}"
EndProject
Project("{FAE04EC0-301F-11D3-BF4B-00C04F79EFBC}") = "vsCommandEventTest", "vsCommandEventTest\vsCommandEventTest.csproj", "{C00D04E8-8101-42F5-89DA-CBAD205CC1D3}"
EndProject
Global
	GlobalSection(SolutionConfigurationPlatforms) = preSolution
		DBG_SDK10|Any CPU = DBG_SDK10|Any CPU
		DBG_SDK15|Any CPU = DBG_SDK15|Any CPU
		DCI_SDK10|Any CPU = DCI_SDK10|Any CPU
		DCI_SDK15|Any CPU = DCI_SDK15|Any CPU
		RCI_SDK10|Any CPU = RCI_SDK10|Any CPU
		RCI_SDK15|Any CPU = RCI_SDK15|Any CPU
		REL_SDK10|Any CPU = REL_SDK10|Any CPU
		REL_SDK15|Any CPU = REL_SDK15|Any CPU
	EndGlobalSection
	GlobalSection(ProjectConfigurationPlatforms) = postSolution
		{32E44995-F621-4E77-B46A-8F65D64E7FEA}.DBG_SDK10|Any CPU.ActiveCfg = DBG_SDK10|Any CPU
		{32E44995-F621-4E77-B46A-8F65D64E7FEA}.DBG_SDK10|Any CPU.Build.0 = DBG_SDK10|Any CPU
		{32E44995-F621-4E77-B46A-8F65D64E7FEA}.DBG_SDK15|Any CPU.ActiveCfg = DBG_SDK15|Any CPU
		{32E44995-F621-4E77-B46A-8F65D64E7FEA}.DBG_SDK15|Any CPU.Build.0 = DBG_SDK15|Any CPU
		{32E44995-F621-4E77-B46A-8F65D64E7FEA}.DCI_SDK10|Any CPU.ActiveCfg = DCI_SDK10|Any CPU
		{32E44995-F621-4E77-B46A-8F65D64E7FEA}.DCI_SDK10|Any CPU.Build.0 = DCI_SDK10|Any CPU
		{32E44995-F621-4E77-B46A-8F65D64E7FEA}.DCI_SDK15|Any CPU.ActiveCfg = DCI_SDK15|Any CPU
		{32E44995-F621-4E77-B46A-8F65D64E7FEA}.DCI_SDK15|Any CPU.Build.0 = DCI_SDK15|Any CPU
		{32E44995-F621-4E77-B46A-8F65D64E7FEA}.RCI_SDK10|Any CPU.ActiveCfg = RCI_SDK10|Any CPU
		{32E44995-F621-4E77-B46A-8F65D64E7FEA}.RCI_SDK10|Any CPU.Build.0 = RCI_SDK10|Any CPU
		{32E44995-F621-4E77-B46A-8F65D64E7FEA}.RCI_SDK15|Any CPU.ActiveCfg = RCI_SDK15|Any CPU
		{32E44995-F621-4E77-B46A-8F65D64E7FEA}.RCI_SDK15|Any CPU.Build.0 = RCI_SDK15|Any CPU
		{32E44995-F621-4E77-B46A-8F65D64E7FEA}.REL_SDK10|Any CPU.ActiveCfg = REL_SDK10|Any CPU
		{32E44995-F621-4E77-B46A-8F65D64E7FEA}.REL_SDK10|Any CPU.Build.0 = REL_SDK10|Any CPU
		{32E44995-F621-4E77-B46A-8F65D64E7FEA}.REL_SDK15|Any CPU.ActiveCfg = REL_SDK15|Any CPU
		{32E44995-F621-4E77-B46A-8F65D64E7FEA}.REL_SDK15|Any CPU.Build.0 = REL_SDK15|Any CPU
		{73919171-44B6-4536-B892-F1FCA653887C}.DBG_SDK10|Any CPU.ActiveCfg = DBG_SDK10|Any CPU
		{73919171-44B6-4536-B892-F1FCA653887C}.DBG_SDK10|Any CPU.Build.0 = DBG_SDK10|Any CPU
		{73919171-44B6-4536-B892-F1FCA653887C}.DBG_SDK15|Any CPU.ActiveCfg = DBG_SDK15|Any CPU
		{73919171-44B6-4536-B892-F1FCA653887C}.DBG_SDK15|Any CPU.Build.0 = DBG_SDK15|Any CPU
		{73919171-44B6-4536-B892-F1FCA653887C}.DCI_SDK10|Any CPU.ActiveCfg = DBG_SDK10|Any CPU
		{73919171-44B6-4536-B892-F1FCA653887C}.DCI_SDK10|Any CPU.Build.0 = DBG_SDK10|Any CPU
		{73919171-44B6-4536-B892-F1FCA653887C}.DCI_SDK15|Any CPU.ActiveCfg = DBG_SDK15|Any CPU
		{73919171-44B6-4536-B892-F1FCA653887C}.DCI_SDK15|Any CPU.Build.0 = DBG_SDK15|Any CPU
		{73919171-44B6-4536-B892-F1FCA653887C}.RCI_SDK10|Any CPU.ActiveCfg = REL_SDK10|Any CPU
		{73919171-44B6-4536-B892-F1FCA653887C}.RCI_SDK10|Any CPU.Build.0 = REL_SDK10|Any CPU
		{73919171-44B6-4536-B892-F1FCA653887C}.RCI_SDK15|Any CPU.ActiveCfg = REL_SDK15|Any CPU
		{73919171-44B6-4536-B892-F1FCA653887C}.RCI_SDK15|Any CPU.Build.0 = REL_SDK15|Any CPU
		{73919171-44B6-4536-B892-F1FCA653887C}.REL_SDK10|Any CPU.ActiveCfg = REL_SDK10|Any CPU
		{73919171-44B6-4536-B892-F1FCA653887C}.REL_SDK10|Any CPU.Build.0 = REL_SDK10|Any CPU
		{73919171-44B6-4536-B892-F1FCA653887C}.REL_SDK15|Any CPU.ActiveCfg = REL_SDK15|Any CPU
		{73919171-44B6-4536-B892-F1FCA653887C}.REL_SDK15|Any CPU.Build.0 = REL_SDK15|Any CPU
		{C00D04E8-8101-42F5-89DA-CBAD205CC1D3}.DBG_SDK10|Any CPU.ActiveCfg = DBG_SDK10|Any CPU
		{C00D04E8-8101-42F5-89DA-CBAD205CC1D3}.DBG_SDK10|Any CPU.Build.0 = DBG_SDK10|Any CPU
		{C00D04E8-8101-42F5-89DA-CBAD205CC1D3}.DBG_SDK15|Any CPU.ActiveCfg = DBG_SDK15|Any CPU
		{C00D04E8-8101-42F5-89DA-CBAD205CC1D3}.DBG_SDK15|Any CPU.Build.0 = DBG_SDK15|Any CPU
		{C00D04E8-8101-42F5-89DA-CBAD205CC1D3}.DCI_SDK10|Any CPU.ActiveCfg = DBG_SDK15|Any CPU
		{C00D04E8-8101-42F5-89DA-CBAD205CC1D3}.DCI_SDK10|Any CPU.Build.0 = DBG_SDK15|Any CPU
		{C00D04E8-8101-42F5-89DA-CBAD205CC1D3}.DCI_SDK15|Any CPU.ActiveCfg = DBG_SDK15|Any CPU
		{C00D04E8-8101-42F5-89DA-CBAD205CC1D3}.DCI_SDK15|Any CPU.Build.0 = DBG_SDK15|Any CPU
		{C00D04E8-8101-42F5-89DA-CBAD205CC1D3}.RCI_SDK10|Any CPU.ActiveCfg = REL_SDK15|Any CPU
		{C00D04E8-8101-42F5-89DA-CBAD205CC1D3}.RCI_SDK10|Any CPU.Build.0 = REL_SDK15|Any CPU
		{C00D04E8-8101-42F5-89DA-CBAD205CC1D3}.RCI_SDK15|Any CPU.ActiveCfg = REL_SDK15|Any CPU
		{C00D04E8-8101-42F5-89DA-CBAD205CC1D3}.RCI_SDK15|Any CPU.Build.0 = REL_SDK15|Any CPU
		{C00D04E8-8101-42F5-89DA-CBAD205CC1D3}.REL_SDK10|Any CPU.ActiveCfg = REL_SDK10|Any CPU
		{C00D04E8-8101-42F5-89DA-CBAD205CC1D3}.REL_SDK10|Any CPU.Build.0 = REL_SDK10|Any CPU
		{C00D04E8-8101-42F5-89DA-CBAD205CC1D3}.REL_SDK15|Any CPU.ActiveCfg = REL_SDK15|Any CPU
		{C00D04E8-8101-42F5-89DA-CBAD205CC1D3}.REL_SDK15|Any CPU.Build.0 = REL_SDK15|Any CPU
	EndGlobalSection
	GlobalSection(SolutionProperties) = preSolution
		HideSolutionNode = FALSE
	EndGlobalSection
	GlobalSection(ExtensibilityGlobals) = postSolution
		SolutionGuid = {6AB957CD-4591-40A5-B117-A7839E367EC2}
	EndGlobalSection
	GlobalSection(TestCaseManagementSettings) = postSolution
		CategoryFile = vsCommandEvent.vsmdi
	EndGlobalSection
EndGlobal
